
Microsoft Visual Studio Solution File, Format Version 12.00
# Visual Studio 15
VisualStudioVersion = 15.0.27703.2026
MinimumVisualStudioVersion = 10.0.40219.1
Project("{FAE04EC0-301F-11D3-BF4B-00C04F79EFBC}") = "oxoGame", "oxoGame\oxoGame.csproj", "{C92BE12B-F56B-4B60-908D-D73A28505E9A}"
EndProject
Global
	GlobalSection(SolutionConfigurationPlatforms) = preSolution
		Debug|Any CPU = Debug|Any CPU
		Release|Any CPU = Release|Any CPU
	EndGlobalSection
	GlobalSection(ProjectConfigurationPlatforms) = postSolution
		{C92BE12B-F56B-4B60-908D-D73A28505E9A}.Debug|Any CPU.ActiveCfg = Debug|Any CPU
		{C92BE12B-F56B-4B60-908D-D73A28505E9A}.Debug|Any CPU.Build.0 = Debug|Any CPU
		{C92BE12B-F56B-4B60-908D-D73A28505E9A}.Release|Any CPU.ActiveCfg = Release|Any CPU
		{C92BE12B-F56B-4B60-908D-D73A28505E9A}.Release|Any CPU.Build.0 = Release|Any CPU
	EndGlobalSection
	GlobalSection(SolutionProperties) = preSolution
		HideSolutionNode = FALSE
	EndGlobalSection
	GlobalSection(ExtensibilityGlobals) = postSolution
		SolutionGuid = {31B0CA5D-F1D3-428E-9634-B4FE68D972EF}
	EndGlobalSection
EndGlobal
